{
  "requires": true,
  "lockfileVersion": 1,
  "dependencies": {
    "parentnode-skin-default": {
      "version": "1.0.2",
      "resolved": "https://registry.npmjs.org/parentnode-skin-default/-/parentnode-skin-default-1.0.2.tgz",
      "integrity": "sha512-Jf1GNgLU8VNC4AfJRUpqmcfU+Lebkr8L5F1ITNOy2f633hBDUpZBYp+tQKhVJGRdykOogkd+UmAWP7zirTgWeA=="
    }
  }
}
